
Microsoft Visual Studio Solution File, Format Version 12.00
# Visual Studio Version 17
VisualStudioVersion = 17.2.32516.85
MinimumVisualStudioVersion = 10.0.40219.1
Project("{FAE04EC0-301F-11D3-BF4B-00C04F79EFBC}") = "Quid_pro_Quo", "Quid_pro_Quo\Quid_pro_Quo.csproj", "{2C027074-76E9-48D2-BEF0-9646F56DF367}"
EndProject
Global
	GlobalSection(SolutionConfigurationPlatforms) = preSolution
		Debug|Any CPU = Debug|Any CPU
		Release|Any CPU = Release|Any CPU
	EndGlobalSection
	GlobalSection(ProjectConfigurationPlatforms) = postSolution
		{2C027074-76E9-48D2-BEF0-9646F56DF367}.Debug|Any CPU.ActiveCfg = Debug|Any CPU
		{2C027074-76E9-48D2-BEF0-9646F56DF367}.Debug|Any CPU.Build.0 = Debug|Any CPU
		{2C027074-76E9-48D2-BEF0-9646F56DF367}.Release|Any CPU.ActiveCfg = Release|Any CPU
		{2C027074-76E9-48D2-BEF0-9646F56DF367}.Release|Any CPU.Build.0 = Release|Any CPU
	EndGlobalSection
	GlobalSection(SolutionProperties) = preSolution
		HideSolutionNode = FALSE
	EndGlobalSection
	GlobalSection(ExtensibilityGlobals) = postSolution
		SolutionGuid = {9E58EAC1-A51B-4FAB-86D9-7B686DD54678}
	EndGlobalSection
EndGlobal
